// !$*UTF8*$!
{
	archiveVersion = 1;
	classes = {
	};
	objectVersion = 46;
	objects = {

/* Begin PBXBuildFile section */
		C3789FED1DD0626E00B98612 /* AppDelegate.swift in Sources */ = {isa = PBXBuildFile; fileRef = C3789FEC1DD0626E00B98612 /* AppDelegate.swift */; };
		C3789FEF1DD0626E00B98612 /* ViewController.swift in Sources */ = {isa = PBXBuildFile; fileRef = C3789FEE1DD0626E00B98612 /* ViewController.swift */; };
		C3789FF21DD0626E00B98612 /* Main.storyboard in Resources */ = {isa = PBXBuildFile; fileRef = C3789FF01DD0626E00B98612 /* Main.storyboard */; };
		C3789FF41DD0626E00B98612 /* Assets.xcassets in Resources */ = {isa = PBXBuildFile; fileRef = C3789FF31DD0626E00B98612 /* Assets.xcassets */; };
		C3789FF71DD0626E00B98612 /* LaunchScreen.storyboard in Resources */ = {isa = PBXBuildFile; fileRef = C3789FF51DD0626E00B98612 /* LaunchScreen.storyboard */; };
		D2D560E5270AB0A3928E41AF /* Pods_TravisStepA.framework in Frameworks */ = {isa = PBXBuildFile; fileRef = F4DB123AFDB82DC9DCAFBCBD /* Pods_TravisStepA.framework */; };
/* End PBXBuildFile section */

/* Begin PBXFileReference section */
		C3789FE91DD0626E00B98612 /* TravisStepA.app */ = {isa = PBXFileReference; explicitFileType = wrapper.application; includeInIndex = 0; path = TravisStepA.app; sourceTree = BUILT_PRODUCTS_DIR; };
		C3789FEC1DD0626E00B98612 /* AppDelegate.swift */ = {isa = PBXFileReference; lastKnownFileType = sourcecode.swift; path = AppDelegate.swift; sourceTree = "<group>"; };
		C3789FEE1DD0626E00B98612 /* ViewController.swift */ = {isa = PBXFileReference; lastKnownFileType = sourcecode.swift; path = ViewController.swift; sourceTree = "<group>"; };
		C3789FF11DD0626E00B98612 /* Base */ = {isa = PBXFileReference; lastKnownFileType = file.storyboard; name = Base; path = Base.lproj/Main.storyboard; sourceTree = "<group>"; };
		C3789FF31DD0626E00B98612 /* Assets.xcassets */ = {isa = PBXFileReference; lastKnownFileType = folder.assetcatalog; path = Assets.xcassets; sourceTree = "<group>"; };
		C3789FF61DD0626E00B98612 /* Base */ = {isa = PBXFileReference; lastKnownFileType = file.storyboard; name = Base; path = Base.lproj/LaunchScreen.storyboard; sourceTree = "<group>"; };
		C3789FF81DD0626E00B98612 /* Info.plist */ = {isa = PBXFileReference; lastKnownFileType = text.plist.xml; path = Info.plist; sourceTree = "<group>"; };
		CCC4862E3D7653DBD6B63CFC /* Pods-TravisStepA.release.xcconfig */ = {isa = PBXFileReference; includeInIndex = 1; lastKnownFileType = text.xcconfig; name = "Pods-TravisStepA.release.xcconfig"; path = "Pods/Target Support Files/Pods-TravisStepA/Pods-TravisStepA.release.xcconfig"; sourceTree = "<group>"; };
		F4DB123AFDB82DC9DCAFBCBD /* Pods_TravisStepA.framework */ = {isa = PBXFileReference; explicitFileType = wrapper.framework; includeInIndex = 0; path = Pods_TravisStepA.framework; sourceTree = BUILT_PRODUCTS_DIR; };
		F54324A9AD09FA0ABC098078 /* Pods-TravisStepA.debug.xcconfig */ = {isa = PBXFileReference; includeInIndex = 1; lastKnownFileType = text.xcconfig; name = "Pods-TravisStepA.debug.xcconfig"; path = "Pods/Target Support Files/Pods-TravisStepA/Pods-TravisStepA.debug.xcconfig"; sourceTree = "<group>"; };
/* End PBXFileReference section */

/* Begin PBXFrameworksBuildPhase section */
		C3789FE61DD0626D00B98612 /* Frameworks */ = {
			isa = PBXFrameworksBuildPhase;
			buildActionMask = 2147483647;
			files = (
				D2D560E5270AB0A3928E41AF /* Pods_TravisStepA.framework in Frameworks */,
			);
			runOnlyForDeploymentPostprocessing = 0;
		};
/* End PBXFrameworksBuildPhase section */

/* Begin PBXGroup section */
		42696EC044126A6B7A73C901 /* Pods */ = {
			isa = PBXGroup;
			children = (
				F54324A9AD09FA0ABC098078 /* Pods-TravisStepA.debug.xcconfig */,
				CCC4862E3D7653DBD6B63CFC /* Pods-TravisStepA.release.xcconfig */,
			);
			name = Pods;
			sourceTree = "<group>";
		};
		4419A31D7ED747F905211FB2 /* Frameworks */ = {
			isa = PBXGroup;
			children = (
				F4DB123AFDB82DC9DCAFBCBD /* Pods_TravisStepA.framework */,
			);
			name = Frameworks;
			sourceTree = "<group>";
		};
		C3789FE01DD0626D00B98612 = {
			isa = PBXGroup;
			children = (
				C3789FEB1DD0626E00B98612 /* TravisStepA */,
				C3789FEA1DD0626E00B98612 /* Products */,
				42696EC044126A6B7A73C901 /* Pods */,
				4419A31D7ED747F905211FB2 /* Frameworks */,
			);
			sourceTree = "<group>";
		};
		C3789FEA1DD0626E00B98612 /* Products */ = {
			isa = PBXGroup;
			children = (
				C3789FE91DD0626E00B98612 /* TravisStepA.app */,
			);
			name = Products;
			sourceTree = "<group>";
		};
		C3789FEB1DD0626E00B98612 /* TravisStepA */ = {
			isa = PBXGroup;
			children = (
				C3789FEC1DD0626E00B98612 /* AppDelegate.swift */,
				C3789FEE1DD0626E00B98612 /* ViewController.swift */,
				C3789FF01DD0626E00B98612 /* Main.storyboard */,
				C3789FF31DD0626E00B98612 /* Assets.xcassets */,
				C3789FF51DD0626E00B98612 /* LaunchScreen.storyboard */,
				C3789FF81DD0626E00B98612 /* Info.plist */,
			);
			path = TravisStepA;
			sourceTree = "<group>";
		};
/* End PBXGroup section */

/* Begin PBXNativeTarget section */
		C3789FE81DD0626D00B98612 /* TravisStepA */ = {
			isa = PBXNativeTarget;
			buildConfigurationList = C3789FFB1DD0626E00B98612 /* Build configuration list for PBXNativeTarget "TravisStepA" */;
			buildPhases = (
				3C59E802D241603274F45794 /* [CP] Check Pods Manifest.lock */,
				C3789FE51DD0626D00B98612 /* Sources */,
				C3789FE61DD0626D00B98612 /* Frameworks */,
				C3789FE71DD0626D00B98612 /* Resources */,
				36399217FD9F1753728813FC /* [CP] Embed Pods Frameworks */,
				E101F6A7648558E969D3F0B0 /* [CP] Copy Pods Resources */,
			);
			buildRules = (
			);
			dependencies = (
			);
			name = TravisStepA;
			productName = TravisStepA;
			productReference = C3789FE91DD0626E00B98612 /* TravisStepA.app */;
			productType = "com.apple.product-type.application";
		};
/* End PBXNativeTarget section */

/* Begin PBXProject section */
		C3789FE11DD0626D00B98612 /* Project object */ = {
			isa = PBXProject;
			attributes = {
				LastSwiftUpdateCheck = 0800;
				LastUpgradeCheck = 0800;
				ORGANIZATIONNAME = v2soltions;
				TargetAttributes = {
					C3789FE81DD0626D00B98612 = {
						CreatedOnToolsVersion = 8.0;
						ProvisioningStyle = Automatic;
					};
				};
			};
			buildConfigurationList = C3789FE41DD0626D00B98612 /* Build configuration list for PBXProject "TravisStepA" */;
			compatibilityVersion = "Xcode 3.2";
			developmentRegion = English;
			hasScannedForEncodings = 0;
			knownRegions = (
				en,
				Base,
			);
			mainGroup = C3789FE01DD0626D00B98612;
			productRefGroup = C3789FEA1DD0626E00B98612 /* Products */;
			projectDirPath = "";
			projectRoot = "";
			targets = (
				C3789FE81DD0626D00B98612 /* TravisStepA */,
			);
		};
/* End PBXProject section */

/* Begin PBXResourcesBuildPhase section */
		C3789FE71DD0626D00B98612 /* Resources */ = {
			isa = PBXResourcesBuildPhase;
			buildActionMask = 2147483647;
			files = (
				C3789FF71DD0626E00B98612 /* LaunchScreen.storyboard in Resources */,
				C3789FF41DD0626E00B98612 /* Assets.xcassets in Resources */,
				C3789FF21DD0626E00B98612 /* Main.storyboard in Resources */,
			);
			runOnlyForDeploymentPostprocessing = 0;
		};
/* End PBXResourcesBuildPhase section */

/* Begin PBXShellScriptBuildPhase section */
		36399217FD9F1753728813FC /* [CP] Embed Pods Frameworks */ = {
			isa = PBXShellScriptBuildPhase;
			buildActionMask = 2147483647;
			files = (
			);
			inputPaths = (
			);
			name = "[CP] Embed Pods Frameworks";
			outputPaths = (
			);
			runOnlyForDeploymentPostprocessing = 0;
			shellPath = /bin/sh;
			shellScript = "\"${SRCROOT}/Pods/Target Support Files/Pods-TravisStepA/Pods-TravisStepA-frameworks.sh\"\n";
			showEnvVarsInLog = 0;
		};
		3C59E802D241603274F45794 /* [CP] Check Pods Manifest.lock */ = {
			isa = PBXShellScriptBuildPhase;
			buildActionMask = 2147483647;
			files = (
			);
			inputPaths = (
			);
			name = "[CP] Check Pods Manifest.lock";
			outputPaths = (
			);
			runOnlyForDeploymentPostprocessing = 0;
			shellPath = /bin/sh;
			shellScript = "diff \"${PODS_ROOT}/../Podfile.lock\" \"${PODS_ROOT}/Manifest.lock\" > /dev/null\nif [ $? != 0 ] ; then\n    # print error to STDERR\n    echo \"error: The sandbox is not in sync with the Podfile.lock. Run 'pod install' or update your CocoaPods installation.\" >&2\n    exit 1\nfi\n";
			showEnvVarsInLog = 0;
		};
		E101F6A7648558E969D3F0B0 /* [CP] Copy Pods Resources */ = {
			isa = PBXShellScriptBuildPhase;
			buildActionMask = 2147483647;
			files = (
			);
			inputPaths = (
			);
			name = "[CP] Copy Pods Resources";
			outputPaths = (
			);
			runOnlyForDeploymentPostprocessing = 0;
			shellPath = /bin/sh;
			shellScript = "\"${SRCROOT}/Pods/Target Support Files/Pods-TravisStepA/Pods-TravisStepA-resources.sh\"\n";
			showEnvVarsInLog = 0;
		};
/* End PBXShellScriptBuildPhase section */

/* Begin PBXSourcesBuildPhase section */
		C3789FE51DD0626D00B98612 /* Sources */ = {
			isa = PBXSourcesBuildPhase;
			buildActionMask = 2147483647;
			files = (
				C3789FEF1DD0626E00B98612 /* ViewController.swift in Sources */,
				C3789FED1DD0626E00B98612 /* AppDelegate.swift in Sources */,
			);
			runOnlyForDeploymentPostprocessing = 0;
		};
/* End PBXSourcesBuildPhase section */

/* Begin PBXVariantGroup section */
		C3789FF01DD0626E00B98612 /* Main.storyboard */ = {
			isa = PBXVariantGroup;
			children = (
				C3789FF11DD0626E00B98612 /* Base */,
			);
			name = Main.storyboard;
			sourceTree = "<group>";
		};
		C3789FF51DD0626E00B98612 /* LaunchScreen.storyboard */ = {
			isa = PBXVariantGroup;
			children = (
				C3789FF61DD0626E00B98612 /* Base */,
			);
			name = LaunchScreen.storyboard;
			sourceTree = "<group>";
		};
/* End PBXVariantGroup section */

/* Begin XCBuildConfiguration section */
		C3789FF91DD0626E00B98612 /* Debug */ = {
			isa = XCBuildConfiguration;
			buildSettings = {
				ALWAYS_SEARCH_USER_PATHS = NO;
				CLANG_ANALYZER_NONNULL = YES;
				CLANG_CXX_LANGUAGE_STANDARD = "gnu++0x";
				CLANG_CXX_LIBRARY = "libc++";
				CLANG_ENABLE_MODULES = YES;
				CLANG_ENABLE_OBJC_ARC = YES;
				CLANG_WARN_BOOL_CONVERSION = YES;
				CLANG_WARN_CONSTANT_CONVERSION = YES;
				CLANG_WARN_DIRECT_OBJC_ISA_USAGE = YES_ERROR;
				CLANG_WARN_DOCUMENTATION_COMMENTS = YES;
				CLANG_WARN_EMPTY_BODY = YES;
				CLANG_WARN_ENUM_CONVERSION = YES;
				CLANG_WARN_INFINITE_RECURSION = YES;
				CLANG_WARN_INT_CONVERSION = YES;
				CLANG_WARN_OBJC_ROOT_CLASS = YES_ERROR;
				CLANG_WARN_SUSPICIOUS_MOVES = YES;
				CLANG_WARN_UNREACHABLE_CODE = YES;
				CLANG_WARN__DUPLICATE_METHOD_MATCH = YES;
				"CODE_SIGN_IDENTITY[sdk=iphoneos*]" = "iPhone Developer";
				COPY_PHASE_STRIP = NO;
				DEBUG_INFORMATION_FORMAT = dwarf;
				ENABLE_STRICT_OBJC_MSGSEND = YES;
				ENABLE_TESTABILITY = YES;
				GCC_C_LANGUAGE_STANDARD = gnu99;
				GCC_DYNAMIC_NO_PIC = NO;
				GCC_NO_COMMON_BLOCKS = YES;
				GCC_OPTIMIZATION_LEVEL = 0;
				GCC_PREPROCESSOR_DEFINITIONS = (
					"DEBUG=1",
					"$(inherited)",
				);
				GCC_WARN_64_TO_32_BIT_CONVERSION = YES;
				GCC_WARN_ABOUT_RETURN_TYPE = YES_ERROR;
				GCC_WARN_UNDECLARED_SELECTOR = YES;
				GCC_WARN_UNINITIALIZED_AUTOS = YES_AGGRESSIVE;
				GCC_WARN_UNUSED_FUNCTION = YES;
				GCC_WARN_UNUSED_VARIABLE = YES;
				IPHONEOS_DEPLOYMENT_TARGET = 10.0;
				MTL_ENABLE_DEBUG_INFO = YES;
				ONLY_ACTIVE_ARCH = YES;
				SDKROOT = iphoneos;
				SWIFT_ACTIVE_COMPILATION_CONDITIONS = DEBUG;
				SWIFT_OPTIMIZATION_LEVEL = "-Onone";
			};
			name = Debug;
		};
		C3789FFA1DD0626E00B98612 /* Release */ = {
			isa = XCBuildConfiguration;
			buildSettings = {
				ALWAYS_SEARCH_USER_PATHS = NO;
				CLANG_ANALYZER_NONNULL = YES;
				CLANG_CXX_LANGUAGE_STANDARD = "gnu++0x";
				CLANG_CXX_LIBRARY = "libc++";
				CLANG_ENABLE_MODULES = YES;
				CLANG_ENABLE_OBJC_ARC = YES;
				CLANG_WARN_BOOL_CONVERSION = YES;
				CLANG_WARN_CONSTANT_CONVERSION = YES;
				CLANG_WARN_DIRECT_OBJC_ISA_USAGE = YES_ERROR;
				CLANG_WARN_DOCUMENTATION_COMMENTS = YES;
				CLANG_WARN_EMPTY_BODY = YES;
				CLANG_WARN_ENUM_CONVERSION = YES;
				CLANG_WARN_INFINITE_RECURSION = YES;
				CLANG_WARN_INT_CONVERSION = YES;
				CLANG_WARN_OBJC_ROOT_CLASS = YES_ERROR;
				CLANG_WARN_SUSPICIOUS_MOVES = YES;
				CLANG_WARN_UNREACHABLE_CODE = YES;
				CLANG_WARN__DUPLICATE_METHOD_MATCH = YES;
				"CODE_SIGN_IDENTITY[sdk=iphoneos*]" = "iPhone Developer";
				COPY_PHASE_STRIP = NO;
				DEBUG_INFORMATION_FORMAT = "dwarf-with-dsym";
				ENABLE_NS_ASSERTIONS = NO;
				ENABLE_STRICT_OBJC_MSGSEND = YES;
				GCC_C_LANGUAGE_STANDARD = gnu99;
				GCC_NO_COMMON_BLOCKS = YES;
				GCC_WARN_64_TO_32_BIT_CONVERSION = YES;
				GCC_WARN_ABOUT_RETURN_TYPE = YES_ERROR;
				GCC_WARN_UNDECLARED_SELECTOR = YES;
				GCC_WARN_UNINITIALIZED_AUTOS = YES_AGGRESSIVE;
				GCC_WARN_UNUSED_FUNCTION = YES;
				GCC_WARN_UNUSED_VARIABLE = YES;
				IPHONEOS_DEPLOYMENT_TARGET = 10.0;
				MTL_ENABLE_DEBUG_INFO = NO;
				SDKROOT = iphoneos;
				SWIFT_OPTIMIZATION_LEVEL = "-Owholemodule";
				VALIDATE_PRODUCT = YES;
			};
			name = Release;
		};
		C3789FFC1DD0626E00B98612 /* Debug */ = {
			isa = XCBuildConfiguration;
			baseConfigurationReference = F54324A9AD09FA0ABC098078 /* Pods-TravisStepA.debug.xcconfig */;
			buildSettings = {
				ASSETCATALOG_COMPILER_APPICON_NAME = AppIcon;
				INFOPLIST_FILE = TravisStepA/Info.plist;
				LD_RUNPATH_SEARCH_PATHS = "$(inherited) @executable_path/Frameworks";
				PRODUCT_BUNDLE_IDENTIFIER = com.v2solutions.TravisStepA;
				PRODUCT_NAME = "$(TARGET_NAME)";
				SWIFT_VERSION = 3.0;
			};
			name = Debug;
		};
		C3789FFD1DD0626E00B98612 /* Release */ = {
			isa = XCBuildConfiguration;
			baseConfigurationReference = CCC4862E3D7653DBD6B63CFC /* Pods-TravisStepA.release.xcconfig */;
			buildSettings = {
				ASSETCATALOG_COMPILER_APPICON_NAME = AppIcon;
				INFOPLIST_FILE = TravisStepA/Info.plist;
				LD_RUNPATH_SEARCH_PATHS = "$(inherited) @executable_path/Frameworks";
				PRODUCT_BUNDLE_IDENTIFIER = com.v2solutions.TravisStepA;
				PRODUCT_NAME = "$(TARGET_NAME)";
				SWIFT_VERSION = 3.0;
			};
			name = Release;
		};
/* End XCBuildConfiguration section */

/* Begin XCConfigurationList section */
		C3789FE41DD0626D00B98612 /* Build configuration list for PBXProject "TravisStepA" */ = {
			isa = XCConfigurationList;
			buildConfigurations = (
				C3789FF91DD0626E00B98612 /* Debug */,
				C3789FFA1DD0626E00B98612 /* Release */,
			);
			defaultConfigurationIsVisible = 0;
			defaultConfigurationName = Release;
		};
		C3789FFB1DD0626E00B98612 /* Build configuration list for PBXNativeTarget "TravisStepA" */ = {
			isa = XCConfigurationList;
			buildConfigurations = (
				C3789FFC1DD0626E00B98612 /* Debug */,
				C3789FFD1DD0626E00B98612 /* Release */,
			);
			defaultConfigurationIsVisible = 0;
			defaultConfigurationName = Release;
		};
/* End XCConfigurationList section */
	};
	rootObject = C3789FE11DD0626D00B98612 /* Project object */;
}
